{
  "lockfileVersion": 1,
  "configVersion": 0,
  "workspaces": {
    "": {
      "name": "kloak",
      "dependencies": {
        "@aws-sdk/client-elastic-load-balancing-v2": "^3.1085.0",
        "@aws-sdk/client-rds": "^3.1085.0",
        "@aws-sdk/client-route-53": "^3.1085.0",
        "@aws-sdk/client-secrets-manager": "^3.1085.0",
        "postgres": "^3.4.3",
      },
      "devDependencies": {
        "@biomejs/biome": "^2.5.3",
      },
    },
  },
  "packages": {
    "@aws-sdk/client-elastic-load-balancing-v2": ["@aws-sdk/client-elastic-load-balancing-v2@3.1085.0", "", { "dependencies": { "@aws-sdk/core": "^3.975.1", "@aws-sdk/credential-provider-node": "^3.972.66", "@aws-sdk/types": "^3.974.0", "@smithy/core": "^3.29.2", "@smithy/fetch-http-handler": "^5.6.4", "@smithy/node-http-handler": "^4.9.4", "@smithy/types": "^4.16.0", "tslib": "^2.6.2" } }, "sha512-MMlC9iUUecMPYsJhfMvUFUWEjoiLXq+Vu1XWJGXTQzqdgh3E1Hb5+GAKG5hU8UpJhZ52FPVxhDnM4J+SRvBt8Q=="],

    "@aws-sdk/client-rds": ["@aws-sdk/client-rds@3.1085.0", "", { "dependencies": { "@aws-sdk/core": "^3.975.1", "@aws-sdk/credential-provider-node": "^3.972.66", "@aws-sdk/middleware-sdk-rds": "^3.972.45", "@aws-sdk/types": "^3.974.0", "@smithy/core": "^3.29.2", "@smithy/fetch-http-handler": "^5.6.4", "@smithy/node-http-handler": "^4.9.4", "@smithy/types": "^4.16.0", "tslib": "^2.6.2" } }, "sha512-tHS9xTT/sI/jbseQMjPgjhMNom9EuD2qhQDGxAcf3328tYHqbOEVKxhruOOV8bTdePW1hflpocrldbFiWB/ikA=="],

    "@aws-sdk/client-route-53": ["@aws-sdk/client-route-53@3.1085.0", "", { "dependencies": { "@aws-sdk/core": "^3.975.1", "@aws-sdk/credential-provider-node": "^3.972.66", "@aws-sdk/middleware-sdk-route53": "^3.972.20", "@aws-sdk/types": "^3.974.0", "@smithy/core": "^3.29.2", "@smithy/fetch-http-handler": "^5.6.4", "@smithy/node-http-handler": "^4.9.4", "@smithy/types": "^4.16.0", "tslib": "^2.6.2" } }, "sha512-0OQwPTdsheHblFAmiEnV5HG2qrQuMgPlclDbbQcUZfTqB7FBqalbXvm/0Zqnz51kYzl5Un2hzy1zBNbJYUNexg=="],

    "@aws-sdk/client-secrets-manager": ["@aws-sdk/client-secrets-manager@3.1085.0", "", { "dependencies": { "@aws-sdk/core": "^3.975.1", "@aws-sdk/credential-provider-node": "^3.972.66", "@aws-sdk/types": "^3.974.0", "@smithy/core": "^3.29.2", "@smithy/fetch-http-handler": "^5.6.4", "@smithy/node-http-handler": "^4.9.4", "@smithy/types": "^4.16.0", "tslib": "^2.6.2" } }, "sha512-CGaiSJvhM0aGqE+xQBHqwJvbVLQA0voqg97+i4dW6MxXNDa01oAD/asUdBpmmvUEpT4D3khjNyNuvyY9oh8DkQ=="],

    "@aws-sdk/core": ["@aws-sdk/core@3.975.1", "", { "dependencies": { "@aws-sdk/types": "^3.974.0", "@aws-sdk/xml-builder": "^3.972.34", "@aws/lambda-invoke-store": "^0.3.0", "@smithy/core": "^3.29.2", "@smithy/signature-v4": "^5.6.3", "@smithy/types": "^4.16.0", "bowser": "^2.11.0", "tslib": "^2.6.2" } }, "sha512-8qh/6EYb7hl/ZwVfQufhbMEZs1gQIc7GbdrIf4eprQJ7cv042+74nE6l3YDfyWNzb9iPXb8fRyYSHkNIk5eE6Q=="],

    "@aws-sdk/credential-provider-env": ["@aws-sdk/credential-provider-env@3.972.57", "", { "dependencies": { "@aws-sdk/core": "^3.975.1", "@aws-sdk/types": "^3.974.0", "@smithy/core": "^3.29.2", "@smithy/types": "^4.16.0", "tslib": "^2.6.2" } }, "sha512-1RfJaF7SW1TOnvNGU7kaYjwUf5H3sfm+synGH1bHhRlqcnxCt3szebH3dmKEyY4tuGcbQ6ffzUT89cRitBV8OQ=="],

    "@aws-sdk/credential-provider-http": ["@aws-sdk/credential-provider-http@3.972.59", "", { "dependencies": { "@aws-sdk/core": "^3.975.1", "@aws-sdk/types": "^3.974.0", "@smithy/core": "^3.29.2", "@smithy/fetch-http-handler": "^5.6.4", "@smithy/node-http-handler": "^4.9.4", "@smithy/types": "^4.16.0", "tslib": "^2.6.2" } }, "sha512-sRCkpTiFnCdQvuaRVjQ6SVoHu6i7RUpurVo1c4F81HWhPvUJ7Wdp5MNtSdX1O29CNXc8em3O5m52hCjVtAD9SA=="],

    "@aws-sdk/credential-provider-ini": ["@aws-sdk/credential-provider-ini@3.973.1", "", { "dependencies": { "@aws-sdk/core": "^3.975.1", "@aws-sdk/credential-provider-env": "^3.972.57", "@aws-sdk/credential-provider-http": "^3.972.59", "@aws-sdk/credential-provider-login": "^3.972.63", "@aws-sdk/credential-provider-process": "^3.972.57", "@aws-sdk/credential-provider-sso": "^3.973.1", "@aws-sdk/credential-provider-web-identity": "^3.972.63", "@aws-sdk/nested-clients": "^3.997.31", "@aws-sdk/types": "^3.974.0", "@smithy/core": "^3.29.2", "@smithy/credential-provider-imds": "^4.4.7", "@smithy/types": "^4.16.0", "tslib": "^2.6.2" } }, "sha512-6d8H6ZAh3ZPKZ6fe1nG2OWeZEZPtt9ravoD1dezPdPtsSkJRoxGAnFSHwKT3E/Te6fHE30zRzjV6TD12rvF6yQ=="],

    "@aws-sdk/credential-provider-login": ["@aws-sdk/credential-provider-login@3.972.63", "", { "dependencies": { "@aws-sdk/core": "^3.975.1", "@aws-sdk/nested-clients": "^3.997.31", "@aws-sdk/types": "^3.974.0", "@smithy/core": "^3.29.2", "@smithy/types": "^4.16.0", "tslib": "^2.6.2" } }, "sha512-GREWRrMj0XnNKMaVa/Mauoaui26qBEHu71WWqXbwZOu/jFQOnPZjTf7u0KtGKC8VGa6VUs9kDWGgocrKNLS9vw=="],

    "@aws-sdk/credential-provider-node": ["@aws-sdk/credential-provider-node@3.972.66", "", { "dependencies": { "@aws-sdk/credential-provider-env": "^3.972.57", "@aws-sdk/credential-provider-http": "^3.972.59", "@aws-sdk/credential-provider-ini": "^3.973.1", "@aws-sdk/credential-provider-process": "^3.972.57", "@aws-sdk/credential-provider-sso": "^3.973.1", "@aws-sdk/credential-provider-web-identity": "^3.972.63", "@aws-sdk/types": "^3.974.0", "@smithy/core": "^3.29.2", "@smithy/credential-provider-imds": "^4.4.7", "@smithy/types": "^4.16.0", "tslib": "^2.6.2" } }, "sha512-f+qjRXZpz7sgzbc4QB+6nLKfyKFgRRXzWdXbsKPv/VhVRyHsDyq4yBWC/B75BAJpFIcUeI2XR/3gdWJ677zB4A=="],

    "@aws-sdk/credential-provider-process": ["@aws-sdk/credential-provider-process@3.972.57", "", { "dependencies": { "@aws-sdk/core": "^3.975.1", "@aws-sdk/types": "^3.974.0", "@smithy/core": "^3.29.2", "@smithy/types": "^4.16.0", "tslib": "^2.6.2" } }, "sha512-TiVQhuU0pbhIZAUZacbPHMyzrIdiH+lnx+PMY/Pu/b93dJrq3wdZwzUJ0TPpvNxaqbHsxJvQZW3/h/beLiKq7Q=="],

    "@aws-sdk/credential-provider-sso": ["@aws-sdk/credential-provider-sso@3.973.1", "", { "dependencies": { "@aws-sdk/core": "^3.975.1", "@aws-sdk/nested-clients": "^3.997.31", "@aws-sdk/token-providers": "3.1083.0", "@aws-sdk/types": "^3.974.0", "@smithy/core": "^3.29.2", "@smithy/types": "^4.16.0", "tslib": "^2.6.2" } }, "sha512-3foTZUJ4821Ij60X7K3NJroygiZLnbBmarN+T//O2cjkISan90zElN3NBmgSlDrTQ7Gs6z/yO8V7h60QNcDZHQ=="],

    "@aws-sdk/credential-provider-web-identity": ["@aws-sdk/credential-provider-web-identity@3.972.63", "", { "dependencies": { "@aws-sdk/core": "^3.975.1", "@aws-sdk/nested-clients": "^3.997.31", "@aws-sdk/types": "^3.974.0", "@smithy/core": "^3.29.2", "@smithy/types": "^4.16.0", "tslib": "^2.6.2" } }, "sha512-8qZLFhM69eKcS37m459ctPR05Qimycm/74OPVioe6wNZabMT54GYhwBju0+J656RkMasNSawWQu+c8CmBe3TUQ=="],

    "@aws-sdk/middleware-sdk-rds": ["@aws-sdk/middleware-sdk-rds@3.972.45", "", { "dependencies": { "@aws-sdk/core": "^3.975.1", "@aws-sdk/types": "^3.974.0", "@smithy/core": "^3.29.2", "@smithy/signature-v4": "^5.6.3", "@smithy/types": "^4.16.0", "tslib": "^2.6.2" } }, "sha512-jbCrk7wz8bi3ky6gZo3VK78i9MEHfzquPEEJofLotstPNc3k+9zEuKOqwgxoqQ4q8ZUW+vQAvVE4eUT1nNIs9A=="],

    "@aws-sdk/middleware-sdk-route53": ["@aws-sdk/middleware-sdk-route53@3.972.20", "", { "dependencies": { "@aws-sdk/types": "^3.974.0", "@smithy/types": "^4.16.0", "tslib": "^2.6.2" } }, "sha512-FW8VMSBcBrgdWVsKBmbPycJAsmbS7iIhnvDngEDAtURaV6dyZHiOiwt/R8nfoIsiX6ZaTbMbgSetZ9bcGoZxUA=="],

    "@aws-sdk/nested-clients": ["@aws-sdk/nested-clients@3.997.31", "", { "dependencies": { "@aws-sdk/core": "^3.975.1", "@aws-sdk/signature-v4-multi-region": "^3.996.39", "@aws-sdk/types": "^3.974.0", "@smithy/core": "^3.29.2", "@smithy/fetch-http-handler": "^5.6.4", "@smithy/node-http-handler": "^4.9.4", "@smithy/types": "^4.16.0", "tslib": "^2.6.2" } }, "sha512-BDHTpwcsZHEBNEJzOg/B1BkFYJxAXY50dau/NyVWs3d51F0WgIUGSWZot/Os+N3KpDhXeaXnz37mWffAvduREw=="],

    "@aws-sdk/signature-v4-multi-region": ["@aws-sdk/signature-v4-multi-region@3.996.39", "", { "dependencies": { "@aws-sdk/types": "^3.974.0", "@smithy/signature-v4": "^5.6.3", "@smithy/types": "^4.16.0", "tslib": "^2.6.2" } }, "sha512-8+srXqYIF8KYMLC4FxMLEM5Ek7kUNibJu1R4m8/fUhhNYIZZz26oGtKkCr8I/HiG2fFQxBvaGgQZT4/mqRCSnA=="],

    "@aws-sdk/token-providers": ["@aws-sdk/token-providers@3.1083.0", "", { "dependencies": { "@aws-sdk/core": "^3.975.1", "@aws-sdk/nested-clients": "^3.997.31", "@aws-sdk/types": "^3.974.0", "@smithy/core": "^3.29.2", "@smithy/types": "^4.16.0", "tslib": "^2.6.2" } }, "sha512-s0woKnxuHrExLc5L2ArIH5BMkbonHPtt+5hSBM8oknp9M6QTuUmmAmJ2E0EdzCGONrO+8+ADPqvv6UX0nNcc7A=="],

    "@aws-sdk/types": ["@aws-sdk/types@3.974.0", "", { "dependencies": { "@smithy/types": "^4.16.0", "tslib": "^2.6.2" } }, "sha512-QIBrw90CDm4O0UaIIzkU6DrFdeJzEb2Va5EPEVpyldj6sHJxB6cshhStJuhZxk3wR3PmjJlYsjPmY1kNb+KGBg=="],

    "@aws-sdk/xml-builder": ["@aws-sdk/xml-builder@3.972.34", "", { "dependencies": { "@smithy/types": "^4.16.0", "tslib": "^2.6.2" } }, "sha512-wHhWL1y7sN3enBA8POrPpQM5jCcmu2ozyhbRei4c8OjVcEaEs6yLucLa/pla457ggS/ysuy7bosagz3HaJkZXA=="],

    "@aws/lambda-invoke-store": ["@aws/lambda-invoke-store@0.3.0", "", {}, "sha512-sl4Bm6yiMNYrZKkqqDFWN0UfnWhlS8ivKxrYl+6t0gCLrqr8y3B2IqZZbFRkfaVVp7C/baApyh71P+LeE1A2sQ=="],

    "@biomejs/biome": ["@biomejs/biome@2.5.3", "", { "optionalDependencies": { "@biomejs/cli-darwin-arm64": "2.5.3", "@biomejs/cli-darwin-x64": "2.5.3", "@biomejs/cli-linux-arm64": "2.5.3", "@biomejs/cli-linux-arm64-musl": "2.5.3", "@biomejs/cli-linux-x64": "2.5.3", "@biomejs/cli-linux-x64-musl": "2.5.3", "@biomejs/cli-win32-arm64": "2.5.3", "@biomejs/cli-win32-x64": "2.5.3" }, "bin": { "biome": "bin/biome" } }, "sha512-MrJswFdei9EfDwwUy2tQrPDpK0AO+RmMFvBoaaJ6ayBc3sUbHdCE+XG5N8vp+5So41ZupZJQm0roHFFhMGVD7A=="],

    "@biomejs/cli-darwin-arm64": ["@biomejs/cli-darwin-arm64@2.5.3", "", { "os": "darwin", "cpu": "arm64" }, "sha512-QhYP9muVQ0nUO5zztFuPbEwi4+94sJWVjaZds9aMi1l/KNZBiUjdiSUrGHsTaMGDXrYl+r4AS2sUKfgH3w+V3g=="],

    "@biomejs/cli-darwin-x64": ["@biomejs/cli-darwin-x64@2.5.3", "", { "os": "darwin", "cpu": "x64" }, "sha512-NC1Ss13UaW7QZX+y8j44bF7AP0jSJdBl6iRhe0MAkvaSqZy+mWg3GaXsrb+eSoHoGDBtaXWEbMVV0iVN2cZ7cQ=="],

    "@biomejs/cli-linux-arm64": ["@biomejs/cli-linux-arm64@2.5.3", "", { "os": "linux", "cpu": "arm64" }, "sha512-ksx1KWeyYW18ILL04msF/J4ZBtBDN33znYK8Z/aNv/vlBVxL9/g3mGP+omgHJKy4+KWbK87vcmmpmurfNjSgiA=="],

    "@biomejs/cli-linux-arm64-musl": ["@biomejs/cli-linux-arm64-musl@2.5.3", "", { "os": "linux", "cpu": "arm64" }, "sha512-fccix0w6xp6csCXgxeC0dU/3ecgRQal0y+cv2SP9ajNlhe7Yrk2Ug7UDe2j9AT9ZDYitkXpvUKgZjjuoYeP4Vg=="],

    "@biomejs/cli-linux-x64": ["@biomejs/cli-linux-x64@2.5.3", "", { "os": "linux", "cpu": "x64" }, "sha512-yMkJtilsgvILDcVkh187aVLTb64xYsrxYajx5kym+r1ULkO5HUOfu9AYKLGQbOVLwJtT2utNw7hhFNg+17mUYA=="],

    "@biomejs/cli-linux-x64-musl": ["@biomejs/cli-linux-x64-musl@2.5.3", "", { "os": "linux", "cpu": "x64" }, "sha512-O/yU9YKRUiHhmcjF2f38PSjseVk3G4VLWYc0G2HWpzdBVREV6G8IGWIVEFf7MFPfWIzNUIvPsEjeAZQIOgnLcQ=="],

    "@biomejs/cli-win32-arm64": ["@biomejs/cli-win32-arm64@2.5.3", "", { "os": "win32", "cpu": "arm64" }, "sha512-cX5z+GYwRcqEok0AH3KSfQGgqYd0Nomfp6Fbe1uiTtELE38hdH2k842wQ9wLNaF/JJ7r4rjJQ4VR+ce+fRmQbw=="],

    "@biomejs/cli-win32-x64": ["@biomejs/cli-win32-x64@2.5.3", "", { "os": "win32", "cpu": "x64" }, "sha512-ExSaJWi4/u6+GXCszlSKpWSjKNbDseAYqqkCznsCsZ/4uidZ/BEqsCc5/3ctlq6dfIubdIIRSVLC/PG9xPl70Q=="],

    "@smithy/core": ["@smithy/core@3.29.3", "", { "dependencies": { "@smithy/types": "^4.16.1", "tslib": "^2.6.2" } }, "sha512-L+Ys6ecjk5vwPMAKHBpPKlJ3DkqwNcnfEISXBZIsVvWG/XKXfsAP8mwIYlTeLcd2ElHdesPI8OuOmJSFAPhm6A=="],

    "@smithy/credential-provider-imds": ["@smithy/credential-provider-imds@4.4.8", "", { "dependencies": { "@smithy/core": "^3.29.3", "@smithy/types": "^4.16.1", "tslib": "^2.6.2" } }, "sha512-q9J7JTiXrAhB8sDp4px97uEPT7CwKH61Co78grdNQvU8QZAdiuaSRhP0tUVf2ogy36RZTrlMU1rBmDEH+cnkiA=="],

    "@smithy/fetch-http-handler": ["@smithy/fetch-http-handler@5.6.5", "", { "dependencies": { "@smithy/core": "^3.29.3", "@smithy/types": "^4.16.1", "tslib": "^2.6.2" } }, "sha512-SuqeisTyPoiIPtIYru/sGxGyXzmZ+8nnFOhC+qRPglt06Ebd1yH//CDltZB2J/3WBNVhwfUaZ0EtHB3cm2X32g=="],

    "@smithy/node-http-handler": ["@smithy/node-http-handler@4.9.5", "", { "dependencies": { "@smithy/core": "^3.29.3", "@smithy/types": "^4.16.1", "tslib": "^2.6.2" } }, "sha512-bNqdxTQTxmLbomSmlkZFz8L6B/feQ2HHzw4L2zY7Ecp2XffYAZq2uzdWDdxJHJFbEvqd+SRuluJso0P8+xPdbw=="],

    "@smithy/signature-v4": ["@smithy/signature-v4@5.6.4", "", { "dependencies": { "@smithy/core": "^3.29.3", "@smithy/types": "^4.16.1", "tslib": "^2.6.2" } }, "sha512-B89bpf2t/y/wia6LZ+4JfHXYQT9PnVftsH05rgJKKIStS7r/4XSs9HOjtPoLtgcA6HCW9jVqX5DBbq7E0PAkiQ=="],

    "@smithy/types": ["@smithy/types@4.16.1", "", { "dependencies": { "tslib": "^2.6.2" } }, "sha512-0JFs3V2y2M9tKW5na/qxe69Zv+uxLMO7QBbhxF/FHu/Gp2NFZAAL9tWl9PU02xxo07pb3G9FTyjNc6D5uZrJIg=="],

    "bowser": ["bowser@2.14.1", "", {}, "sha512-tzPjzCxygAKWFOJP011oxFHs57HzIhOEracIgAePE4pqB3LikALKnSzUyU4MGs9/iCEUuHlAJTjTc5M+u7YEGg=="],

    "postgres": ["postgres@3.4.9", "", {}, "sha512-GD3qdB0x1z9xgFI6cdRD6xu2Sp2WCOEoe3mtnyB5Ee0XrrL5Pe+e4CCnJrRMnL1zYtRDZmQQVbvOttLnKDLnaw=="],

    "tslib": ["tslib@2.8.1", "", {}, "sha512-oJFu94HQb+KVduSUQL7wnpmqnfmLsOA/nAh6b6EH0wCEoK0/mPeXU6c3wKDV83MkOuHPRHtSXKKU99IBazS/2w=="],
  }
}
